
Microsoft Visual Studio Solution File, Format Version 12.00
# Visual Studio Version 17
VisualStudioVersion = 17.7.34202.233
MinimumVisualStudioVersion = 10.0.40219.1
Project("{FAE04EC0-301F-11D3-BF4B-00C04F79EFBC}") = "superMarketMVP", "superMarketMVP.csproj", "{DD23D591-BA89-4EB6-B338-1B2C5132B13E}"
EndProject
Global
	GlobalSection(SolutionConfigurationPlatforms) = preSolution
		Debug|Any CPU = Debug|Any CPU
		Release|Any CPU = Release|Any CPU
	EndGlobalSection
	GlobalSection(ProjectConfigurationPlatforms) = postSolution
		{DD23D591-BA89-4EB6-B338-1B2C5132B13E}.Debug|Any CPU.ActiveCfg = Debug|Any CPU
		{DD23D591-BA89-4EB6-B338-1B2C5132B13E}.Debug|Any CPU.Build.0 = Debug|Any CPU
		{DD23D591-BA89-4EB6-B338-1B2C5132B13E}.Release|Any CPU.ActiveCfg = Release|Any CPU
		{DD23D591-BA89-4EB6-B338-1B2C5132B13E}.Release|Any CPU.Build.0 = Release|Any CPU
	EndGlobalSection
	GlobalSection(SolutionProperties) = preSolution
		HideSolutionNode = FALSE
	EndGlobalSection
	GlobalSection(ExtensibilityGlobals) = postSolution
		SolutionGuid = {CEAE09A4-2BB0-4230-9E78-F8939E4F1A99}
	EndGlobalSection
EndGlobal
